
Microsoft Visual Studio Solution File, Format Version 12.00
# Visual Studio Version 17
VisualStudioVersion = 17.6.33801.468
MinimumVisualStudioVersion = 10.0.40219.1
Project("{8BC9CEB8-8B4A-11D0-8D11-00A0C91BC942}") = "YnovGameEngine", "YnovGameEngine\YnovGameEngine.vcxproj", "{16A7DF2C-8C04-4C07-8D4A-43C998D81205}"
EndProject
Project("{8BC9CEB8-8B4A-11D0-8D11-00A0C91BC942}") = "MyFirstGame", "ConsoleApplication1\ConsoleApplication1.vcxproj", "{E0489104-48E9-4FA2-90A1-F0F737441FC1}"
	ProjectSection(ProjectDependencies) = postProject
		{16A7DF2C-8C04-4C07-8D4A-43C998D81205} = {16A7DF2C-8C04-4C07-8D4A-43C998D81205}
	EndProjectSection
EndProject
Global
	GlobalSection(SolutionConfigurationPlatforms) = preSolution
		Debug|x64 = Debug|x64
		Debug|x86 = Debug|x86
		Release|x64 = Release|x64
		Release|x86 = Release|x86
	EndGlobalSection
	GlobalSection(ProjectConfigurationPlatforms) = postSolution
		{16A7DF2C-8C04-4C07-8D4A-43C998D81205}.Debug|x64.ActiveCfg = Debug|x64
		{16A7DF2C-8C04-4C07-8D4A-43C998D81205}.Debug|x64.Build.0 = Debug|x64
		{16A7DF2C-8C04-4C07-8D4A-43C998D81205}.Debug|x86.ActiveCfg = Debug|Win32
		{16A7DF2C-8C04-4C07-8D4A-43C998D81205}.Debug|x86.Build.0 = Debug|Win32
		{16A7DF2C-8C04-4C07-8D4A-43C998D81205}.Release|x64.ActiveCfg = Release|x64
		{16A7DF2C-8C04-4C07-8D4A-43C998D81205}.Release|x64.Build.0 = Release|x64
		{16A7DF2C-8C04-4C07-8D4A-43C998D81205}.Release|x86.ActiveCfg = Release|Win32
		{16A7DF2C-8C04-4C07-8D4A-43C998D81205}.Release|x86.Build.0 = Release|Win32
		{E0489104-48E9-4FA2-90A1-F0F737441FC1}.Debug|x64.ActiveCfg = Debug|x64
		{E0489104-48E9-4FA2-90A1-F0F737441FC1}.Debug|x64.Build.0 = Debug|x64
		{E0489104-48E9-4FA2-90A1-F0F737441FC1}.Debug|x86.ActiveCfg = Debug|Win32
		{E0489104-48E9-4FA2-90A1-F0F737441FC1}.Debug|x86.Build.0 = Debug|Win32
		{E0489104-48E9-4FA2-90A1-F0F737441FC1}.Release|x64.ActiveCfg = Release|x64
		{E0489104-48E9-4FA2-90A1-F0F737441FC1}.Release|x64.Build.0 = Release|x64
		{E0489104-48E9-4FA2-90A1-F0F737441FC1}.Release|x86.ActiveCfg = Release|Win32
		{E0489104-48E9-4FA2-90A1-F0F737441FC1}.Release|x86.Build.0 = Release|Win32
	EndGlobalSection
	GlobalSection(SolutionProperties) = preSolution
		HideSolutionNode = FALSE
	EndGlobalSection
	GlobalSection(ExtensibilityGlobals) = postSolution
		SolutionGuid = {CE4D324B-3F4A-4440-9D3E-AE42E37174A0}
	EndGlobalSection
EndGlobal
